
Microsoft Visual Studio Solution File, Format Version 12.00
# Visual Studio Version 16
VisualStudioVersion = 25.0.1705.6
MinimumVisualStudioVersion = 10.0.40219.1
Project("{FAE04EC0-301F-11D3-BF4B-00C04F79EFBC}") = "CreditCards.UITests", "CreditCards.UITests.csproj", "{6FFE9055-3DA6-4184-812E-B36A300A025D}"
EndProject
Global
	GlobalSection(SolutionConfigurationPlatforms) = preSolution
		Debug|Any CPU = Debug|Any CPU
		Release|Any CPU = Release|Any CPU
	EndGlobalSection
	GlobalSection(ProjectConfigurationPlatforms) = postSolution
		{6FFE9055-3DA6-4184-812E-B36A300A025D}.Debug|Any CPU.ActiveCfg = Debug|Any CPU
		{6FFE9055-3DA6-4184-812E-B36A300A025D}.Debug|Any CPU.Build.0 = Debug|Any CPU
		{6FFE9055-3DA6-4184-812E-B36A300A025D}.Release|Any CPU.ActiveCfg = Release|Any CPU
		{6FFE9055-3DA6-4184-812E-B36A300A025D}.Release|Any CPU.Build.0 = Release|Any CPU
	EndGlobalSection
	GlobalSection(SolutionProperties) = preSolution
		HideSolutionNode = FALSE
	EndGlobalSection
	GlobalSection(ExtensibilityGlobals) = postSolution
		SolutionGuid = {0B4FCD75-A0E9-474C-96E1-6B981F78BF83}
	EndGlobalSection
EndGlobal
